
Microsoft Visual Studio Solution File, Format Version 12.00
# Visual Studio 2012
Project("{FAE04EC0-301F-11D3-BF4B-00C04F79EFBC}") = "WexinTest", "WexinTest\WexinTest.csproj", "{92FA9E79-A9E2-4576-B893-964DF2B3321D}"
EndProject
Global
	GlobalSection(SolutionConfigurationPlatforms) = preSolution
		Debug|Any CPU = Debug|Any CPU
		Release|Any CPU = Release|Any CPU
	EndGlobalSection
	GlobalSection(ProjectConfigurationPlatforms) = postSolution
		{92FA9E79-A9E2-4576-B893-964DF2B3321D}.Debug|Any CPU.ActiveCfg = Debug|Any CPU
		{92FA9E79-A9E2-4576-B893-964DF2B3321D}.Debug|Any CPU.Build.0 = Debug|Any CPU
		{92FA9E79-A9E2-4576-B893-964DF2B3321D}.Release|Any CPU.ActiveCfg = Release|Any CPU
		{92FA9E79-A9E2-4576-B893-964DF2B3321D}.Release|Any CPU.Build.0 = Release|Any CPU
	EndGlobalSection
	GlobalSection(SolutionProperties) = preSolution
		HideSolutionNode = FALSE
	EndGlobalSection
EndGlobal
